
Microsoft Visual Studio Solution File, Format Version 12.00
# Visual Studio Version 17
VisualStudioVersion = 17.4.33213.308
MinimumVisualStudioVersion = 10.0.40219.1
Project("{FAE04EC0-301F-11D3-BF4B-00C04F79EFBC}") = "e-Commarce_API", "e-Commarce_API\e-Commarce_API.csproj", "{5D44C448-6BBD-4DAD-852E-D94CC2E68B79}"
EndProject
Global
	GlobalSection(SolutionConfigurationPlatforms) = preSolution
		Debug|Any CPU = Debug|Any CPU
		Release|Any CPU = Release|Any CPU
	EndGlobalSection
	GlobalSection(ProjectConfigurationPlatforms) = postSolution
		{5D44C448-6BBD-4DAD-852E-D94CC2E68B79}.Debug|Any CPU.ActiveCfg = Debug|Any CPU
		{5D44C448-6BBD-4DAD-852E-D94CC2E68B79}.Debug|Any CPU.Build.0 = Debug|Any CPU
		{5D44C448-6BBD-4DAD-852E-D94CC2E68B79}.Release|Any CPU.ActiveCfg = Release|Any CPU
		{5D44C448-6BBD-4DAD-852E-D94CC2E68B79}.Release|Any CPU.Build.0 = Release|Any CPU
	EndGlobalSection
	GlobalSection(SolutionProperties) = preSolution
		HideSolutionNode = FALSE
	EndGlobalSection
	GlobalSection(ExtensibilityGlobals) = postSolution
		SolutionGuid = {7AC5C923-54B1-4B11-8F77-A9667A6AD60D}
	EndGlobalSection
EndGlobal
